
Microsoft Visual Studio Solution File, Format Version 12.00
# Visual Studio 15
VisualStudioVersion = 15.0.28307.136
MinimumVisualStudioVersion = 10.0.40219.1
Project("{FAE04EC0-301F-11D3-BF4B-00C04F79EFBC}") = "WHCS", "WHCS\WHCS.csproj", "{C4C7DE0D-A8BC-436C-A62E-F4FC72727309}"
EndProject
Global
	GlobalSection(SolutionConfigurationPlatforms) = preSolution
		Debug|Any CPU = Debug|Any CPU
		Release|Any CPU = Release|Any CPU
	EndGlobalSection
	GlobalSection(ProjectConfigurationPlatforms) = postSolution
		{C4C7DE0D-A8BC-436C-A62E-F4FC72727309}.Debug|Any CPU.ActiveCfg = Debug|Any CPU
		{C4C7DE0D-A8BC-436C-A62E-F4FC72727309}.Debug|Any CPU.Build.0 = Debug|Any CPU
		{C4C7DE0D-A8BC-436C-A62E-F4FC72727309}.Release|Any CPU.ActiveCfg = Release|Any CPU
		{C4C7DE0D-A8BC-436C-A62E-F4FC72727309}.Release|Any CPU.Build.0 = Release|Any CPU
	EndGlobalSection
	GlobalSection(SolutionProperties) = preSolution
		HideSolutionNode = FALSE
	EndGlobalSection
	GlobalSection(ExtensibilityGlobals) = postSolution
		SolutionGuid = {61B0A07A-AB80-45E0-85C9-AA41A0B32AB4}
	EndGlobalSection
EndGlobal
